PODS:
  - AMScrollingNavbar (2.1.2)
  - LXReorderableCollectionViewFlowLayout (0.1.1)

DEPENDENCIES:
  - AMScrollingNavbar (~> 2.1.2)
  - LXReorderableCollectionViewFlowLayout (~> 0.1.1)

SPEC CHECKSUMS:
  AMScrollingNavbar: 403b8651052459b433941bd4bc4215a64b992e52
  LXReorderableCollectionViewFlowLayout: c89e0f693744c5cb96718822a8455a7de99d90ea

PODFILE CHECKSUM: beec21583c1829cca2e312ac436a9bdf462e31e3

COCOAPODS: 1.0.1
