// !$*UTF8*$!
{
	archiveVersion = 1;
	classes = {
	};
	objectVersion = 46;
	objects = {

/* Begin PBXBuildFile section */
		C79390B965AED98F9F652E7F /* Pods_collectionInsideTableview.framework in Frameworks */ = {isa = PBXBuildFile; fileRef = 3B1490D4AA8299AAD9B1D9F0 /* Pods_collectionInsideTableview.framework */; };
		E1256E9E1D7684E700F31611 /* AppDelegate.swift in Sources */ = {isa = PBXBuildFile; fileRef = E1256E9D1D7684E700F31611 /* AppDelegate.swift */; };
		E1256EA01D7684E700F31611 /* ViewController.swift in Sources */ = {isa = PBXBuildFile; fileRef = E1256E9F1D7684E700F31611 /* ViewController.swift */; };
		E1256EA31D7684E700F31611 /* Main.storyboard in Resources */ = {isa = PBXBuildFile; fileRef = E1256EA11D7684E700F31611 /* Main.storyboard */; };
		E1256EA51D7684E700F31611 /* Assets.xcassets in Resources */ = {isa = PBXBuildFile; fileRef = E1256EA41D7684E700F31611 /* Assets.xcassets */; };
		E1256EA81D7684E700F31611 /* LaunchScreen.storyboard in Resources */ = {isa = PBXBuildFile; fileRef = E1256EA61D7684E700F31611 /* LaunchScreen.storyboard */; };
		E1256EB11D76878B00F31611 /* UICollectionViewCell+Reuseidentifier.swift in Sources */ = {isa = PBXBuildFile; fileRef = E1256EAF1D76878B00F31611 /* UICollectionViewCell+Reuseidentifier.swift */; };
		E1256EB21D76878B00F31611 /* UITableViewCell+Reuseidentifier.swift in Sources */ = {isa = PBXBuildFile; fileRef = E1256EB01D76878B00F31611 /* UITableViewCell+Reuseidentifier.swift */; };
		E1256EB51D76881C00F31611 /* CustomTableCell.swift in Sources */ = {isa = PBXBuildFile; fileRef = E1256EB41D76881C00F31611 /* CustomTableCell.swift */; };
/* End PBXBuildFile section */

/* Begin PBXFileReference section */
		31F95D91E86F2A04AD9A6EFC /* Pods-collectionInsideTableview.release.xcconfig */ = {isa = PBXFileReference; includeInIndex = 1; lastKnownFileType = text.xcconfig; name = "Pods-collectionInsideTableview.release.xcconfig"; path = "Pods/Target Support Files/Pods-collectionInsideTableview/Pods-collectionInsideTableview.release.xcconfig"; sourceTree = "<group>"; };
		3B1490D4AA8299AAD9B1D9F0 /* Pods_collectionInsideTableview.framework */ = {isa = PBXFileReference; explicitFileType = wrapper.framework; includeInIndex = 0; path = Pods_collectionInsideTableview.framework; sourceTree = BUILT_PRODUCTS_DIR; };
		62FD06E69F9A036CBA32206E /* Pods-collectionInsideTableview.debug.xcconfig */ = {isa = PBXFileReference; includeInIndex = 1; lastKnownFileType = text.xcconfig; name = "Pods-collectionInsideTableview.debug.xcconfig"; path = "Pods/Target Support Files/Pods-collectionInsideTableview/Pods-collectionInsideTableview.debug.xcconfig"; sourceTree = "<group>"; };
		E1256E9A1D7684E700F31611 /* collectionInsideTableview.app */ = {isa = PBXFileReference; explicitFileType = wrapper.application; includeInIndex = 0; path = collectionInsideTableview.app; sourceTree = BUILT_PRODUCTS_DIR; };
		E1256E9D1D7684E700F31611 /* AppDelegate.swift */ = {isa = PBXFileReference; lastKnownFileType = sourcecode.swift; path = AppDelegate.swift; sourceTree = "<group>"; };
		E1256E9F1D7684E700F31611 /* ViewController.swift */ = {isa = PBXFileReference; lastKnownFileType = sourcecode.swift; path = ViewController.swift; sourceTree = "<group>"; };
		E1256EA21D7684E700F31611 /* Base */ = {isa = PBXFileReference; lastKnownFileType = file.storyboard; name = Base; path = Base.lproj/Main.storyboard; sourceTree = "<group>"; };
		E1256EA41D7684E700F31611 /* Assets.xcassets */ = {isa = PBXFileReference; lastKnownFileType = folder.assetcatalog; path = Assets.xcassets; sourceTree = "<group>"; };
		E1256EA71D7684E700F31611 /* Base */ = {isa = PBXFileReference; lastKnownFileType = file.storyboard; name = Base; path = Base.lproj/LaunchScreen.storyboard; sourceTree = "<group>"; };
		E1256EA91D7684E700F31611 /* Info.plist */ = {isa = PBXFileReference; lastKnownFileType = text.plist.xml; path = Info.plist; sourceTree = "<group>"; };
		E1256EAF1D76878B00F31611 /* UICollectionViewCell+Reuseidentifier.swift */ = {isa = PBXFileReference; fileEncoding = 4; lastKnownFileType = sourcecode.swift; path = "UICollectionViewCell+Reuseidentifier.swift"; sourceTree = "<group>"; };
		E1256EB01D76878B00F31611 /* UITableViewCell+Reuseidentifier.swift */ = {isa = PBXFileReference; fileEncoding = 4; lastKnownFileType = sourcecode.swift; path = "UITableViewCell+Reuseidentifier.swift"; sourceTree = "<group>"; };
		E1256EB41D76881C00F31611 /* CustomTableCell.swift */ = {isa = PBXFileReference; fileEncoding = 4; lastKnownFileType = sourcecode.swift; path = CustomTableCell.swift; sourceTree = "<group>"; };
/* End PBXFileReference section */

/* Begin PBXFrameworksBuildPhase section */
		E1256E971D7684E700F31611 /* Frameworks */ = {
			isa = PBXFrameworksBuildPhase;
			buildActionMask = 2147483647;
			files = (
				C79390B965AED98F9F652E7F /* Pods_collectionInsideTableview.framework in Frameworks */,
			);
			runOnlyForDeploymentPostprocessing = 0;
		};
/* End PBXFrameworksBuildPhase section */

/* Begin PBXGroup section */
		027D98DA24962D0DE3E42709 /* Frameworks */ = {
			isa = PBXGroup;
			children = (
				3B1490D4AA8299AAD9B1D9F0 /* Pods_collectionInsideTableview.framework */,
			);
			name = Frameworks;
			sourceTree = "<group>";
		};
		E1256E911D7684E700F31611 = {
			isa = PBXGroup;
			children = (
				E1256E9C1D7684E700F31611 /* collectionInsideTableview */,
				E1256E9B1D7684E700F31611 /* Products */,
				F6FF190ABFFB2073EF8A2D99 /* Pods */,
				027D98DA24962D0DE3E42709 /* Frameworks */,
			);
			sourceTree = "<group>";
		};
		E1256E9B1D7684E700F31611 /* Products */ = {
			isa = PBXGroup;
			children = (
				E1256E9A1D7684E700F31611 /* collectionInsideTableview.app */,
			);
			name = Products;
			sourceTree = "<group>";
		};
		E1256E9C1D7684E700F31611 /* collectionInsideTableview */ = {
			isa = PBXGroup;
			children = (
				E1256EB31D7687DE00F31611 /* Cells */,
				E1256EB61D7688A500F31611 /* Extension */,
				E1256E9D1D7684E700F31611 /* AppDelegate.swift */,
				E1256E9F1D7684E700F31611 /* ViewController.swift */,
				E1256EA11D7684E700F31611 /* Main.storyboard */,
				E1256EA41D7684E700F31611 /* Assets.xcassets */,
				E1256EA61D7684E700F31611 /* LaunchScreen.storyboard */,
				E1256EA91D7684E700F31611 /* Info.plist */,
			);
			path = collectionInsideTableview;
			sourceTree = "<group>";
		};
		E1256EB31D7687DE00F31611 /* Cells */ = {
			isa = PBXGroup;
			children = (
				E1256EB41D76881C00F31611 /* CustomTableCell.swift */,
			);
			name = Cells;
			sourceTree = "<group>";
		};
		E1256EB61D7688A500F31611 /* Extension */ = {
			isa = PBXGroup;
			children = (
				E1256EAF1D76878B00F31611 /* UICollectionViewCell+Reuseidentifier.swift */,
				E1256EB01D76878B00F31611 /* UITableViewCell+Reuseidentifier.swift */,
			);
			name = Extension;
			sourceTree = "<group>";
		};
		F6FF190ABFFB2073EF8A2D99 /* Pods */ = {
			isa = PBXGroup;
			children = (
				62FD06E69F9A036CBA32206E /* Pods-collectionInsideTableview.debug.xcconfig */,
				31F95D91E86F2A04AD9A6EFC /* Pods-collectionInsideTableview.release.xcconfig */,
			);
			name = Pods;
			sourceTree = "<group>";
		};
/* End PBXGroup section */

/* Begin PBXNativeTarget section */
		E1256E991D7684E700F31611 /* collectionInsideTableview */ = {
			isa = PBXNativeTarget;
			buildConfigurationList = E1256EAC1D7684E700F31611 /* Build configuration list for PBXNativeTarget "collectionInsideTableview" */;
			buildPhases = (
				8387EDD020D82AD242105C34 /* [CP] Check Pods Manifest.lock */,
				E1256E961D7684E700F31611 /* Sources */,
				E1256E971D7684E700F31611 /* Frameworks */,
				E1256E981D7684E700F31611 /* Resources */,
				ECFC2BF22E1652FCE68E1807 /* [CP] Embed Pods Frameworks */,
				9A1A73D5B84C9978924866EE /* [CP] Copy Pods Resources */,
			);
			buildRules = (
			);
			dependencies = (
			);
			name = collectionInsideTableview;
			productName = collectionInsideTableview;
			productReference = E1256E9A1D7684E700F31611 /* collectionInsideTableview.app */;
			productType = "com.apple.product-type.application";
		};
/* End PBXNativeTarget section */

/* Begin PBXProject section */
		E1256E921D7684E700F31611 /* Project object */ = {
			isa = PBXProject;
			attributes = {
				LastSwiftUpdateCheck = 0730;
				LastUpgradeCheck = 0730;
				ORGANIZATIONNAME = "Kaushal Elsewhere";
				TargetAttributes = {
					E1256E991D7684E700F31611 = {
						CreatedOnToolsVersion = 7.3.1;
					};
				};
			};
			buildConfigurationList = E1256E951D7684E700F31611 /* Build configuration list for PBXProject "collectionInsideTableview" */;
			compatibilityVersion = "Xcode 3.2";
			developmentRegion = English;
			hasScannedForEncodings = 0;
			knownRegions = (
				en,
				Base,
			);
			mainGroup = E1256E911D7684E700F31611;
			productRefGroup = E1256E9B1D7684E700F31611 /* Products */;
			projectDirPath = "";
			projectRoot = "";
			targets = (
				E1256E991D7684E700F31611 /* collectionInsideTableview */,
			);
		};
/* End PBXProject section */

/* Begin PBXResourcesBuildPhase section */
		E1256E981D7684E700F31611 /* Resources */ = {
			isa = PBXResourcesBuildPhase;
			buildActionMask = 2147483647;
			files = (
				E1256EA81D7684E700F31611 /* LaunchScreen.storyboard in Resources */,
				E1256EA51D7684E700F31611 /* Assets.xcassets in Resources */,
				E1256EA31D7684E700F31611 /* Main.storyboard in Resources */,
			);
			runOnlyForDeploymentPostprocessing = 0;
		};
/* End PBXResourcesBuildPhase section */

/* Begin PBXShellScriptBuildPhase section */
		8387EDD020D82AD242105C34 /* [CP] Check Pods Manifest.lock */ = {
			isa = PBXShellScriptBuildPhase;
			buildActionMask = 2147483647;
			files = (
			);
			inputPaths = (
			);
			name = "[CP] Check Pods Manifest.lock";
			outputPaths = (
			);
			runOnlyForDeploymentPostprocessing = 0;
			shellPath = /bin/sh;
			shellScript = "diff \"${PODS_ROOT}/../Podfile.lock\" \"${PODS_ROOT}/Manifest.lock\" > /dev/null\nif [[ $? != 0 ]] ; then\n    cat << EOM\nerror: The sandbox is not in sync with the Podfile.lock. Run 'pod install' or update your CocoaPods installation.\nEOM\n    exit 1\nfi\n";
			showEnvVarsInLog = 0;
		};
		9A1A73D5B84C9978924866EE /* [CP] Copy Pods Resources */ = {
			isa = PBXShellScriptBuildPhase;
			buildActionMask = 2147483647;
			files = (
			);
			inputPaths = (
			);
			name = "[CP] Copy Pods Resources";
			outputPaths = (
			);
			runOnlyForDeploymentPostprocessing = 0;
			shellPath = /bin/sh;
			shellScript = "\"${SRCROOT}/Pods/Target Support Files/Pods-collectionInsideTableview/Pods-collectionInsideTableview-resources.sh\"\n";
			showEnvVarsInLog = 0;
		};
		ECFC2BF22E1652FCE68E1807 /* [CP] Embed Pods Frameworks */ = {
			isa = PBXShellScriptBuildPhase;
			buildActionMask = 2147483647;
			files = (
			);
			inputPaths = (
			);
			name = "[CP] Embed Pods Frameworks";
			outputPaths = (
			);
			runOnlyForDeploymentPostprocessing = 0;
			shellPath = /bin/sh;
			shellScript = "\"${SRCROOT}/Pods/Target Support Files/Pods-collectionInsideTableview/Pods-collectionInsideTableview-frameworks.sh\"\n";
			showEnvVarsInLog = 0;
		};
/* End PBXShellScriptBuildPhase section */

/* Begin PBXSourcesBuildPhase section */
		E1256E961D7684E700F31611 /* Sources */ = {
			isa = PBXSourcesBuildPhase;
			buildActionMask = 2147483647;
			files = (
				E1256EA01D7684E700F31611 /* ViewController.swift in Sources */,
				E1256EB51D76881C00F31611 /* CustomTableCell.swift in Sources */,
				E1256EB11D76878B00F31611 /* UICollectionViewCell+Reuseidentifier.swift in Sources */,
				E1256E9E1D7684E700F31611 /* AppDelegate.swift in Sources */,
				E1256EB21D76878B00F31611 /* UITableViewCell+Reuseidentifier.swift in Sources */,
			);
			runOnlyForDeploymentPostprocessing = 0;
		};
/* End PBXSourcesBuildPhase section */

/* Begin PBXVariantGroup section */
		E1256EA11D7684E700F31611 /* Main.storyboard */ = {
			isa = PBXVariantGroup;
			children = (
				E1256EA21D7684E700F31611 /* Base */,
			);
			name = Main.storyboard;
			sourceTree = "<group>";
		};
		E1256EA61D7684E700F31611 /* LaunchScreen.storyboard */ = {
			isa = PBXVariantGroup;
			children = (
				E1256EA71D7684E700F31611 /* Base */,
			);
			name = LaunchScreen.storyboard;
			sourceTree = "<group>";
		};
/* End PBXVariantGroup section */

/* Begin XCBuildConfiguration section */
		E1256EAA1D7684E700F31611 /* Debug */ = {
			isa = XCBuildConfiguration;
			buildSettings = {
				ALWAYS_SEARCH_USER_PATHS = NO;
				CLANG_ANALYZER_NONNULL = YES;
				CLANG_CXX_LANGUAGE_STANDARD = "gnu++0x";
				CLANG_CXX_LIBRARY = "libc++";
				CLANG_ENABLE_MODULES = YES;
				CLANG_ENABLE_OBJC_ARC = YES;
				CLANG_WARN_BOOL_CONVERSION = YES;
				CLANG_WARN_CONSTANT_CONVERSION = YES;
				CLANG_WARN_DIRECT_OBJC_ISA_USAGE = YES_ERROR;
				CLANG_WARN_EMPTY_BODY = YES;
				CLANG_WARN_ENUM_CONVERSION = YES;
				CLANG_WARN_INT_CONVERSION = YES;
				CLANG_WARN_OBJC_ROOT_CLASS = YES_ERROR;
				CLANG_WARN_UNREACHABLE_CODE = YES;
				CLANG_WARN__DUPLICATE_METHOD_MATCH = YES;
				"CODE_SIGN_IDENTITY[sdk=iphoneos*]" = "iPhone Developer";
				COPY_PHASE_STRIP = NO;
				DEBUG_INFORMATION_FORMAT = dwarf;
				ENABLE_STRICT_OBJC_MSGSEND = YES;
				ENABLE_TESTABILITY = YES;
				GCC_C_LANGUAGE_STANDARD = gnu99;
				GCC_DYNAMIC_NO_PIC = NO;
				GCC_NO_COMMON_BLOCKS = YES;
				GCC_OPTIMIZATION_LEVEL = 0;
				GCC_PREPROCESSOR_DEFINITIONS = (
					"DEBUG=1",
					"$(inherited)",
				);
				GCC_WARN_64_TO_32_BIT_CONVERSION = YES;
				GCC_WARN_ABOUT_RETURN_TYPE = YES_ERROR;
				GCC_WARN_UNDECLARED_SELECTOR = YES;
				GCC_WARN_UNINITIALIZED_AUTOS = YES_AGGRESSIVE;
				GCC_WARN_UNUSED_FUNCTION = YES;
				GCC_WARN_UNUSED_VARIABLE = YES;
				IPHONEOS_DEPLOYMENT_TARGET = 9.3;
				MTL_ENABLE_DEBUG_INFO = YES;
				ONLY_ACTIVE_ARCH = YES;
				SDKROOT = iphoneos;
				SWIFT_OPTIMIZATION_LEVEL = "-Onone";
				TARGETED_DEVICE_FAMILY = "1,2";
			};
			name = Debug;
		};
		E1256EAB1D7684E700F31611 /* Release */ = {
			isa = XCBuildConfiguration;
			buildSettings = {
				ALWAYS_SEARCH_USER_PATHS = NO;
				CLANG_ANALYZER_NONNULL = YES;
				CLANG_CXX_LANGUAGE_STANDARD = "gnu++0x";
				CLANG_CXX_LIBRARY = "libc++";
				CLANG_ENABLE_MODULES = YES;
				CLANG_ENABLE_OBJC_ARC = YES;
				CLANG_WARN_BOOL_CONVERSION = YES;
				CLANG_WARN_CONSTANT_CONVERSION = YES;
				CLANG_WARN_DIRECT_OBJC_ISA_USAGE = YES_ERROR;
				CLANG_WARN_EMPTY_BODY = YES;
				CLANG_WARN_ENUM_CONVERSION = YES;
				CLANG_WARN_INT_CONVERSION = YES;
				CLANG_WARN_OBJC_ROOT_CLASS = YES_ERROR;
				CLANG_WARN_UNREACHABLE_CODE = YES;
				CLANG_WARN__DUPLICATE_METHOD_MATCH = YES;
				"CODE_SIGN_IDENTITY[sdk=iphoneos*]" = "iPhone Developer";
				COPY_PHASE_STRIP = NO;
				DEBUG_INFORMATION_FORMAT = "dwarf-with-dsym";
				ENABLE_NS_ASSERTIONS = NO;
				ENABLE_STRICT_OBJC_MSGSEND = YES;
				GCC_C_LANGUAGE_STANDARD = gnu99;
				GCC_NO_COMMON_BLOCKS = YES;
				GCC_WARN_64_TO_32_BIT_CONVERSION = YES;
				GCC_WARN_ABOUT_RETURN_TYPE = YES_ERROR;
				GCC_WARN_UNDECLARED_SELECTOR = YES;
				GCC_WARN_UNINITIALIZED_AUTOS = YES_AGGRESSIVE;
				GCC_WARN_UNUSED_FUNCTION = YES;
				GCC_WARN_UNUSED_VARIABLE = YES;
				IPHONEOS_DEPLOYMENT_TARGET = 9.3;
				MTL_ENABLE_DEBUG_INFO = NO;
				SDKROOT = iphoneos;
				TARGETED_DEVICE_FAMILY = "1,2";
				VALIDATE_PRODUCT = YES;
			};
			name = Release;
		};
		E1256EAD1D7684E700F31611 /* Debug */ = {
			isa = XCBuildConfiguration;
			baseConfigurationReference = 62FD06E69F9A036CBA32206E /* Pods-collectionInsideTableview.debug.xcconfig */;
			buildSettings = {
				ASSETCATALOG_COMPILER_APPICON_NAME = AppIcon;
				INFOPLIST_FILE = collectionInsideTableview/Info.plist;
				LD_RUNPATH_SEARCH_PATHS = "$(inherited) @executable_path/Frameworks";
				PRODUCT_BUNDLE_IDENTIFIER = com.elsewhere.collectionInsideTableview;
				PRODUCT_NAME = "$(TARGET_NAME)";
			};
			name = Debug;
		};
		E1256EAE1D7684E700F31611 /* Release */ = {
			isa = XCBuildConfiguration;
			baseConfigurationReference = 31F95D91E86F2A04AD9A6EFC /* Pods-collectionInsideTableview.release.xcconfig */;
			buildSettings = {
				ASSETCATALOG_COMPILER_APPICON_NAME = AppIcon;
				INFOPLIST_FILE = collectionInsideTableview/Info.plist;
				LD_RUNPATH_SEARCH_PATHS = "$(inherited) @executable_path/Frameworks";
				PRODUCT_BUNDLE_IDENTIFIER = com.elsewhere.collectionInsideTableview;
				PRODUCT_NAME = "$(TARGET_NAME)";
			};
			name = Release;
		};
/* End XCBuildConfiguration section */

/* Begin XCConfigurationList section */
		E1256E951D7684E700F31611 /* Build configuration list for PBXProject "collectionInsideTableview" */ = {
			isa = XCConfigurationList;
			buildConfigurations = (
				E1256EAA1D7684E700F31611 /* Debug */,
				E1256EAB1D7684E700F31611 /* Release */,
			);
			defaultConfigurationIsVisible = 0;
			defaultConfigurationName = Release;
		};
		E1256EAC1D7684E700F31611 /* Build configuration list for PBXNativeTarget "collectionInsideTableview" */ = {
			isa = XCConfigurationList;
			buildConfigurations = (
				E1256EAD1D7684E700F31611 /* Debug */,
				E1256EAE1D7684E700F31611 /* Release */,
			);
			defaultConfigurationIsVisible = 0;
			defaultConfigurationName = Release;
		};
/* End XCConfigurationList section */
	};
	rootObject = E1256E921D7684E700F31611 /* Project object */;
}
