PODS:
  - AWSCognito (2.5.3):
    - AWSCore (= 2.5.3)
  - AWSCore (2.5.3)

DEPENDENCIES:
  - AWSCognito

SPEC CHECKSUMS:
  AWSCognito: 74be06e52a2a063ab932a9d457a89e003d68631d
  AWSCore: 344e21892790650cf902246d436402257a545bde

PODFILE CHECKSUM: 0547e7cd2fcaa516587a8bffc1f2f3b39c33d204

COCOAPODS: 1.2.0
