// !$*UTF8*$!
{
	archiveVersion = 1;
	classes = {
	};
	objectVersion = 46;
	objects = {

/* Begin PBXBuildFile section */
		387D27B7C74CD7336558B2F6 /* Pods_AmazonS3Upload.framework in Frameworks */ = {isa = PBXBuildFile; fileRef = DBCFD42AB471F425DF4F3A02 /* Pods_AmazonS3Upload.framework */; };
		E19BAD131D46FB540038EA88 /* AppDelegate.swift in Sources */ = {isa = PBXBuildFile; fileRef = E19BAD121D46FB540038EA88 /* AppDelegate.swift */; };
		E19BAD151D46FB540038EA88 /* ViewController.swift in Sources */ = {isa = PBXBuildFile; fileRef = E19BAD141D46FB540038EA88 /* ViewController.swift */; };
		E19BAD181D46FB540038EA88 /* Main.storyboard in Resources */ = {isa = PBXBuildFile; fileRef = E19BAD161D46FB540038EA88 /* Main.storyboard */; };
		E19BAD1A1D46FB540038EA88 /* Assets.xcassets in Resources */ = {isa = PBXBuildFile; fileRef = E19BAD191D46FB540038EA88 /* Assets.xcassets */; };
		E19BAD1D1D46FB540038EA88 /* LaunchScreen.storyboard in Resources */ = {isa = PBXBuildFile; fileRef = E19BAD1B1D46FB540038EA88 /* LaunchScreen.storyboard */; };
		E19BAD251D471A840038EA88 /* S3.swift in Sources */ = {isa = PBXBuildFile; fileRef = E19BAD241D471A840038EA88 /* S3.swift */; };
		E19BAD271D471C730038EA88 /* Async.swift in Sources */ = {isa = PBXBuildFile; fileRef = E19BAD261D471C730038EA88 /* Async.swift */; };
		E19BAD291D471CC90038EA88 /* Helper.swift in Sources */ = {isa = PBXBuildFile; fileRef = E19BAD281D471CC90038EA88 /* Helper.swift */; };
/* End PBXBuildFile section */

/* Begin PBXFileReference section */
		C519D04A6B22C27F86A2C828 /* Pods-AmazonS3Upload.debug.xcconfig */ = {isa = PBXFileReference; includeInIndex = 1; lastKnownFileType = text.xcconfig; name = "Pods-AmazonS3Upload.debug.xcconfig"; path = "Pods/Target Support Files/Pods-AmazonS3Upload/Pods-AmazonS3Upload.debug.xcconfig"; sourceTree = "<group>"; };
		C539B54B75CB436D09D3FE38 /* Pods-AmazonS3Upload.release.xcconfig */ = {isa = PBXFileReference; includeInIndex = 1; lastKnownFileType = text.xcconfig; name = "Pods-AmazonS3Upload.release.xcconfig"; path = "Pods/Target Support Files/Pods-AmazonS3Upload/Pods-AmazonS3Upload.release.xcconfig"; sourceTree = "<group>"; };
		DBCFD42AB471F425DF4F3A02 /* Pods_AmazonS3Upload.framework */ = {isa = PBXFileReference; explicitFileType = wrapper.framework; includeInIndex = 0; path = Pods_AmazonS3Upload.framework; sourceTree = BUILT_PRODUCTS_DIR; };
		E19BAD0F1D46FB540038EA88 /* AmazonS3Upload.app */ = {isa = PBXFileReference; explicitFileType = wrapper.application; includeInIndex = 0; path = AmazonS3Upload.app; sourceTree = BUILT_PRODUCTS_DIR; };
		E19BAD121D46FB540038EA88 /* AppDelegate.swift */ = {isa = PBXFileReference; lastKnownFileType = sourcecode.swift; path = AppDelegate.swift; sourceTree = "<group>"; };
		E19BAD141D46FB540038EA88 /* ViewController.swift */ = {isa = PBXFileReference; lastKnownFileType = sourcecode.swift; path = ViewController.swift; sourceTree = "<group>"; };
		E19BAD171D46FB540038EA88 /* Base */ = {isa = PBXFileReference; lastKnownFileType = file.storyboard; name = Base; path = Base.lproj/Main.storyboard; sourceTree = "<group>"; };
		E19BAD191D46FB540038EA88 /* Assets.xcassets */ = {isa = PBXFileReference; lastKnownFileType = folder.assetcatalog; path = Assets.xcassets; sourceTree = "<group>"; };
		E19BAD1C1D46FB540038EA88 /* Base */ = {isa = PBXFileReference; lastKnownFileType = file.storyboard; name = Base; path = Base.lproj/LaunchScreen.storyboard; sourceTree = "<group>"; };
		E19BAD1E1D46FB540038EA88 /* Info.plist */ = {isa = PBXFileReference; lastKnownFileType = text.plist.xml; path = Info.plist; sourceTree = "<group>"; };
		E19BAD241D471A840038EA88 /* S3.swift */ = {isa = PBXFileReference; fileEncoding = 4; lastKnownFileType = sourcecode.swift; path = S3.swift; sourceTree = "<group>"; };
		E19BAD261D471C730038EA88 /* Async.swift */ = {isa = PBXFileReference; fileEncoding = 4; lastKnownFileType = sourcecode.swift; path = Async.swift; sourceTree = "<group>"; };
		E19BAD281D471CC90038EA88 /* Helper.swift */ = {isa = PBXFileReference; fileEncoding = 4; lastKnownFileType = sourcecode.swift; path = Helper.swift; sourceTree = "<group>"; };
/* End PBXFileReference section */

/* Begin PBXFrameworksBuildPhase section */
		E19BAD0C1D46FB540038EA88 /* Frameworks */ = {
			isa = PBXFrameworksBuildPhase;
			buildActionMask = 2147483647;
			files = (
				387D27B7C74CD7336558B2F6 /* Pods_AmazonS3Upload.framework in Frameworks */,
			);
			runOnlyForDeploymentPostprocessing = 0;
		};
/* End PBXFrameworksBuildPhase section */

/* Begin PBXGroup section */
		20CEC75E7AEBDAAF4C3E94BE /* Pods */ = {
			isa = PBXGroup;
			children = (
				C519D04A6B22C27F86A2C828 /* Pods-AmazonS3Upload.debug.xcconfig */,
				C539B54B75CB436D09D3FE38 /* Pods-AmazonS3Upload.release.xcconfig */,
			);
			name = Pods;
			sourceTree = "<group>";
		};
		A7FDD2F052624142C53EEC9C /* Frameworks */ = {
			isa = PBXGroup;
			children = (
				DBCFD42AB471F425DF4F3A02 /* Pods_AmazonS3Upload.framework */,
			);
			name = Frameworks;
			sourceTree = "<group>";
		};
		E19BAD061D46FB540038EA88 = {
			isa = PBXGroup;
			children = (
				E19BAD111D46FB540038EA88 /* AmazonS3Upload */,
				E19BAD101D46FB540038EA88 /* Products */,
				20CEC75E7AEBDAAF4C3E94BE /* Pods */,
				A7FDD2F052624142C53EEC9C /* Frameworks */,
			);
			sourceTree = "<group>";
		};
		E19BAD101D46FB540038EA88 /* Products */ = {
			isa = PBXGroup;
			children = (
				E19BAD0F1D46FB540038EA88 /* AmazonS3Upload.app */,
			);
			name = Products;
			sourceTree = "<group>";
		};
		E19BAD111D46FB540038EA88 /* AmazonS3Upload */ = {
			isa = PBXGroup;
			children = (
				E19BAD121D46FB540038EA88 /* AppDelegate.swift */,
				E19BAD141D46FB540038EA88 /* ViewController.swift */,
				E19BAD241D471A840038EA88 /* S3.swift */,
				E19BAD161D46FB540038EA88 /* Main.storyboard */,
				E19BAD191D46FB540038EA88 /* Assets.xcassets */,
				E19BAD1B1D46FB540038EA88 /* LaunchScreen.storyboard */,
				E19BAD1E1D46FB540038EA88 /* Info.plist */,
				E19BAD261D471C730038EA88 /* Async.swift */,
				E19BAD281D471CC90038EA88 /* Helper.swift */,
			);
			path = AmazonS3Upload;
			sourceTree = "<group>";
		};
/* End PBXGroup section */

/* Begin PBXNativeTarget section */
		E19BAD0E1D46FB540038EA88 /* AmazonS3Upload */ = {
			isa = PBXNativeTarget;
			buildConfigurationList = E19BAD211D46FB540038EA88 /* Build configuration list for PBXNativeTarget "AmazonS3Upload" */;
			buildPhases = (
				A1281B2C2B22DEF13043E39D /* [CP] Check Pods Manifest.lock */,
				E19BAD0B1D46FB540038EA88 /* Sources */,
				E19BAD0C1D46FB540038EA88 /* Frameworks */,
				E19BAD0D1D46FB540038EA88 /* Resources */,
				2FE1340DB15503AB1F57FF57 /* [CP] Embed Pods Frameworks */,
				61E06EB3BA8CDDD0EC688696 /* [CP] Copy Pods Resources */,
			);
			buildRules = (
			);
			dependencies = (
			);
			name = AmazonS3Upload;
			productName = AmazonS3Upload;
			productReference = E19BAD0F1D46FB540038EA88 /* AmazonS3Upload.app */;
			productType = "com.apple.product-type.application";
		};
/* End PBXNativeTarget section */

/* Begin PBXProject section */
		E19BAD071D46FB540038EA88 /* Project object */ = {
			isa = PBXProject;
			attributes = {
				LastSwiftUpdateCheck = 0730;
				LastUpgradeCheck = 0730;
				ORGANIZATIONNAME = "Kaushal Elsewhere";
				TargetAttributes = {
					E19BAD0E1D46FB540038EA88 = {
						CreatedOnToolsVersion = 7.3.1;
					};
				};
			};
			buildConfigurationList = E19BAD0A1D46FB540038EA88 /* Build configuration list for PBXProject "AmazonS3Upload" */;
			compatibilityVersion = "Xcode 3.2";
			developmentRegion = English;
			hasScannedForEncodings = 0;
			knownRegions = (
				en,
				Base,
			);
			mainGroup = E19BAD061D46FB540038EA88;
			productRefGroup = E19BAD101D46FB540038EA88 /* Products */;
			projectDirPath = "";
			projectRoot = "";
			targets = (
				E19BAD0E1D46FB540038EA88 /* AmazonS3Upload */,
			);
		};
/* End PBXProject section */

/* Begin PBXResourcesBuildPhase section */
		E19BAD0D1D46FB540038EA88 /* Resources */ = {
			isa = PBXResourcesBuildPhase;
			buildActionMask = 2147483647;
			files = (
				E19BAD1D1D46FB540038EA88 /* LaunchScreen.storyboard in Resources */,
				E19BAD1A1D46FB540038EA88 /* Assets.xcassets in Resources */,
				E19BAD181D46FB540038EA88 /* Main.storyboard in Resources */,
			);
			runOnlyForDeploymentPostprocessing = 0;
		};
/* End PBXResourcesBuildPhase section */

/* Begin PBXShellScriptBuildPhase section */
		2FE1340DB15503AB1F57FF57 /* [CP] Embed Pods Frameworks */ = {
			isa = PBXShellScriptBuildPhase;
			buildActionMask = 2147483647;
			files = (
			);
			inputPaths = (
			);
			name = "[CP] Embed Pods Frameworks";
			outputPaths = (
			);
			runOnlyForDeploymentPostprocessing = 0;
			shellPath = /bin/sh;
			shellScript = "\"${SRCROOT}/Pods/Target Support Files/Pods-AmazonS3Upload/Pods-AmazonS3Upload-frameworks.sh\"\n";
			showEnvVarsInLog = 0;
		};
		61E06EB3BA8CDDD0EC688696 /* [CP] Copy Pods Resources */ = {
			isa = PBXShellScriptBuildPhase;
			buildActionMask = 2147483647;
			files = (
			);
			inputPaths = (
			);
			name = "[CP] Copy Pods Resources";
			outputPaths = (
			);
			runOnlyForDeploymentPostprocessing = 0;
			shellPath = /bin/sh;
			shellScript = "\"${SRCROOT}/Pods/Target Support Files/Pods-AmazonS3Upload/Pods-AmazonS3Upload-resources.sh\"\n";
			showEnvVarsInLog = 0;
		};
		A1281B2C2B22DEF13043E39D /* [CP] Check Pods Manifest.lock */ = {
			isa = PBXShellScriptBuildPhase;
			buildActionMask = 2147483647;
			files = (
			);
			inputPaths = (
			);
			name = "[CP] Check Pods Manifest.lock";
			outputPaths = (
			);
			runOnlyForDeploymentPostprocessing = 0;
			shellPath = /bin/sh;
			shellScript = "diff \"${PODS_ROOT}/../Podfile.lock\" \"${PODS_ROOT}/Manifest.lock\" > /dev/null\nif [[ $? != 0 ]] ; then\n    cat << EOM\nerror: The sandbox is not in sync with the Podfile.lock. Run 'pod install' or update your CocoaPods installation.\nEOM\n    exit 1\nfi\n";
			showEnvVarsInLog = 0;
		};
/* End PBXShellScriptBuildPhase section */

/* Begin PBXSourcesBuildPhase section */
		E19BAD0B1D46FB540038EA88 /* Sources */ = {
			isa = PBXSourcesBuildPhase;
			buildActionMask = 2147483647;
			files = (
				E19BAD271D471C730038EA88 /* Async.swift in Sources */,
				E19BAD151D46FB540038EA88 /* ViewController.swift in Sources */,
				E19BAD291D471CC90038EA88 /* Helper.swift in Sources */,
				E19BAD131D46FB540038EA88 /* AppDelegate.swift in Sources */,
				E19BAD251D471A840038EA88 /* S3.swift in Sources */,
			);
			runOnlyForDeploymentPostprocessing = 0;
		};
/* End PBXSourcesBuildPhase section */

/* Begin PBXVariantGroup section */
		E19BAD161D46FB540038EA88 /* Main.storyboard */ = {
			isa = PBXVariantGroup;
			children = (
				E19BAD171D46FB540038EA88 /* Base */,
			);
			name = Main.storyboard;
			sourceTree = "<group>";
		};
		E19BAD1B1D46FB540038EA88 /* LaunchScreen.storyboard */ = {
			isa = PBXVariantGroup;
			children = (
				E19BAD1C1D46FB540038EA88 /* Base */,
			);
			name = LaunchScreen.storyboard;
			sourceTree = "<group>";
		};
/* End PBXVariantGroup section */

/* Begin XCBuildConfiguration section */
		E19BAD1F1D46FB540038EA88 /* Debug */ = {
			isa = XCBuildConfiguration;
			buildSettings = {
				ALWAYS_SEARCH_USER_PATHS = NO;
				CLANG_ANALYZER_NONNULL = YES;
				CLANG_CXX_LANGUAGE_STANDARD = "gnu++0x";
				CLANG_CXX_LIBRARY = "libc++";
				CLANG_ENABLE_MODULES = YES;
				CLANG_ENABLE_OBJC_ARC = YES;
				CLANG_WARN_BOOL_CONVERSION = YES;
				CLANG_WARN_CONSTANT_CONVERSION = YES;
				CLANG_WARN_DIRECT_OBJC_ISA_USAGE = YES_ERROR;
				CLANG_WARN_EMPTY_BODY = YES;
				CLANG_WARN_ENUM_CONVERSION = YES;
				CLANG_WARN_INT_CONVERSION = YES;
				CLANG_WARN_OBJC_ROOT_CLASS = YES_ERROR;
				CLANG_WARN_UNREACHABLE_CODE = YES;
				CLANG_WARN__DUPLICATE_METHOD_MATCH = YES;
				"CODE_SIGN_IDENTITY[sdk=iphoneos*]" = "iPhone Developer";
				COPY_PHASE_STRIP = NO;
				DEBUG_INFORMATION_FORMAT = dwarf;
				ENABLE_STRICT_OBJC_MSGSEND = YES;
				ENABLE_TESTABILITY = YES;
				GCC_C_LANGUAGE_STANDARD = gnu99;
				GCC_DYNAMIC_NO_PIC = NO;
				GCC_NO_COMMON_BLOCKS = YES;
				GCC_OPTIMIZATION_LEVEL = 0;
				GCC_PREPROCESSOR_DEFINITIONS = (
					"DEBUG=1",
					"$(inherited)",
				);
				GCC_WARN_64_TO_32_BIT_CONVERSION = YES;
				GCC_WARN_ABOUT_RETURN_TYPE = YES_ERROR;
				GCC_WARN_UNDECLARED_SELECTOR = YES;
				GCC_WARN_UNINITIALIZED_AUTOS = YES_AGGRESSIVE;
				GCC_WARN_UNUSED_FUNCTION = YES;
				GCC_WARN_UNUSED_VARIABLE = YES;
				IPHONEOS_DEPLOYMENT_TARGET = 9.3;
				MTL_ENABLE_DEBUG_INFO = YES;
				ONLY_ACTIVE_ARCH = YES;
				SDKROOT = iphoneos;
				SWIFT_OPTIMIZATION_LEVEL = "-Onone";
				TARGETED_DEVICE_FAMILY = "1,2";
			};
			name = Debug;
		};
		E19BAD201D46FB540038EA88 /* Release */ = {
			isa = XCBuildConfiguration;
			buildSettings = {
				ALWAYS_SEARCH_USER_PATHS = NO;
				CLANG_ANALYZER_NONNULL = YES;
				CLANG_CXX_LANGUAGE_STANDARD = "gnu++0x";
				CLANG_CXX_LIBRARY = "libc++";
				CLANG_ENABLE_MODULES = YES;
				CLANG_ENABLE_OBJC_ARC = YES;
				CLANG_WARN_BOOL_CONVERSION = YES;
				CLANG_WARN_CONSTANT_CONVERSION = YES;
				CLANG_WARN_DIRECT_OBJC_ISA_USAGE = YES_ERROR;
				CLANG_WARN_EMPTY_BODY = YES;
				CLANG_WARN_ENUM_CONVERSION = YES;
				CLANG_WARN_INT_CONVERSION = YES;
				CLANG_WARN_OBJC_ROOT_CLASS = YES_ERROR;
				CLANG_WARN_UNREACHABLE_CODE = YES;
				CLANG_WARN__DUPLICATE_METHOD_MATCH = YES;
				"CODE_SIGN_IDENTITY[sdk=iphoneos*]" = "iPhone Developer";
				COPY_PHASE_STRIP = NO;
				DEBUG_INFORMATION_FORMAT = "dwarf-with-dsym";
				ENABLE_NS_ASSERTIONS = NO;
				ENABLE_STRICT_OBJC_MSGSEND = YES;
				GCC_C_LANGUAGE_STANDARD = gnu99;
				GCC_NO_COMMON_BLOCKS = YES;
				GCC_WARN_64_TO_32_BIT_CONVERSION = YES;
				GCC_WARN_ABOUT_RETURN_TYPE = YES_ERROR;
				GCC_WARN_UNDECLARED_SELECTOR = YES;
				GCC_WARN_UNINITIALIZED_AUTOS = YES_AGGRESSIVE;
				GCC_WARN_UNUSED_FUNCTION = YES;
				GCC_WARN_UNUSED_VARIABLE = YES;
				IPHONEOS_DEPLOYMENT_TARGET = 9.3;
				MTL_ENABLE_DEBUG_INFO = NO;
				SDKROOT = iphoneos;
				TARGETED_DEVICE_FAMILY = "1,2";
				VALIDATE_PRODUCT = YES;
			};
			name = Release;
		};
		E19BAD221D46FB540038EA88 /* Debug */ = {
			isa = XCBuildConfiguration;
			baseConfigurationReference = C519D04A6B22C27F86A2C828 /* Pods-AmazonS3Upload.debug.xcconfig */;
			buildSettings = {
				ASSETCATALOG_COMPILER_APPICON_NAME = AppIcon;
				INFOPLIST_FILE = AmazonS3Upload/Info.plist;
				LD_RUNPATH_SEARCH_PATHS = "$(inherited) @executable_path/Frameworks";
				PRODUCT_BUNDLE_IDENTIFIER = com.elsewhere.AmazonS3Upload;
				PRODUCT_NAME = "$(TARGET_NAME)";
			};
			name = Debug;
		};
		E19BAD231D46FB540038EA88 /* Release */ = {
			isa = XCBuildConfiguration;
			baseConfigurationReference = C539B54B75CB436D09D3FE38 /* Pods-AmazonS3Upload.release.xcconfig */;
			buildSettings = {
				ASSETCATALOG_COMPILER_APPICON_NAME = AppIcon;
				INFOPLIST_FILE = AmazonS3Upload/Info.plist;
				LD_RUNPATH_SEARCH_PATHS = "$(inherited) @executable_path/Frameworks";
				PRODUCT_BUNDLE_IDENTIFIER = com.elsewhere.AmazonS3Upload;
				PRODUCT_NAME = "$(TARGET_NAME)";
			};
			name = Release;
		};
/* End XCBuildConfiguration section */

/* Begin XCConfigurationList section */
		E19BAD0A1D46FB540038EA88 /* Build configuration list for PBXProject "AmazonS3Upload" */ = {
			isa = XCConfigurationList;
			buildConfigurations = (
				E19BAD1F1D46FB540038EA88 /* Debug */,
				E19BAD201D46FB540038EA88 /* Release */,
			);
			defaultConfigurationIsVisible = 0;
			defaultConfigurationName = Release;
		};
		E19BAD211D46FB540038EA88 /* Build configuration list for PBXNativeTarget "AmazonS3Upload" */ = {
			isa = XCConfigurationList;
			buildConfigurations = (
				E19BAD221D46FB540038EA88 /* Debug */,
				E19BAD231D46FB540038EA88 /* Release */,
			);
			defaultConfigurationIsVisible = 0;
			defaultConfigurationName = Release;
		};
/* End XCConfigurationList section */
	};
	rootObject = E19BAD071D46FB540038EA88 /* Project object */;
}
