// !$*UTF8*$!
{
	archiveVersion = 1;
	classes = {
	};
	objectVersion = 46;
	objects = {

/* Begin PBXBuildFile section */
		E1CCE9C71DC6FC820000E7D7 /* AppDelegate.swift in Sources */ = {isa = PBXBuildFile; fileRef = E1CCE9C61DC6FC820000E7D7 /* AppDelegate.swift */; };
		E1CCE9C91DC6FC830000E7D7 /* ViewController.swift in Sources */ = {isa = PBXBuildFile; fileRef = E1CCE9C81DC6FC830000E7D7 /* ViewController.swift */; };
		E1CCE9CC1DC6FC830000E7D7 /* Main.storyboard in Resources */ = {isa = PBXBuildFile; fileRef = E1CCE9CA1DC6FC830000E7D7 /* Main.storyboard */; };
		E1CCE9CE1DC6FC830000E7D7 /* Assets.xcassets in Resources */ = {isa = PBXBuildFile; fileRef = E1CCE9CD1DC6FC830000E7D7 /* Assets.xcassets */; };
		E1CCE9D11DC6FC830000E7D7 /* LaunchScreen.storyboard in Resources */ = {isa = PBXBuildFile; fileRef = E1CCE9CF1DC6FC830000E7D7 /* LaunchScreen.storyboard */; };
/* End PBXBuildFile section */

/* Begin PBXFileReference section */
		E1CCE9C31DC6FC820000E7D7 /* PageviewControllerExample.app */ = {isa = PBXFileReference; explicitFileType = wrapper.application; includeInIndex = 0; path = PageviewControllerExample.app; sourceTree = BUILT_PRODUCTS_DIR; };
		E1CCE9C61DC6FC820000E7D7 /* AppDelegate.swift */ = {isa = PBXFileReference; lastKnownFileType = sourcecode.swift; path = AppDelegate.swift; sourceTree = "<group>"; };
		E1CCE9C81DC6FC830000E7D7 /* ViewController.swift */ = {isa = PBXFileReference; lastKnownFileType = sourcecode.swift; path = ViewController.swift; sourceTree = "<group>"; };
		E1CCE9CB1DC6FC830000E7D7 /* Base */ = {isa = PBXFileReference; lastKnownFileType = file.storyboard; name = Base; path = Base.lproj/Main.storyboard; sourceTree = "<group>"; };
		E1CCE9CD1DC6FC830000E7D7 /* Assets.xcassets */ = {isa = PBXFileReference; lastKnownFileType = folder.assetcatalog; path = Assets.xcassets; sourceTree = "<group>"; };
		E1CCE9D01DC6FC830000E7D7 /* Base */ = {isa = PBXFileReference; lastKnownFileType = file.storyboard; name = Base; path = Base.lproj/LaunchScreen.storyboard; sourceTree = "<group>"; };
		E1CCE9D21DC6FC830000E7D7 /* Info.plist */ = {isa = PBXFileReference; lastKnownFileType = text.plist.xml; path = Info.plist; sourceTree = "<group>"; };
/* End PBXFileReference section */

/* Begin PBXFrameworksBuildPhase section */
		E1CCE9C01DC6FC820000E7D7 /* Frameworks */ = {
			isa = PBXFrameworksBuildPhase;
			buildActionMask = 2147483647;
			files = (
			);
			runOnlyForDeploymentPostprocessing = 0;
		};
/* End PBXFrameworksBuildPhase section */

/* Begin PBXGroup section */
		E1CCE9BA1DC6FC820000E7D7 = {
			isa = PBXGroup;
			children = (
				E1CCE9C51DC6FC820000E7D7 /* PageviewControllerExample */,
				E1CCE9C41DC6FC820000E7D7 /* Products */,
			);
			sourceTree = "<group>";
		};
		E1CCE9C41DC6FC820000E7D7 /* Products */ = {
			isa = PBXGroup;
			children = (
				E1CCE9C31DC6FC820000E7D7 /* PageviewControllerExample.app */,
			);
			name = Products;
			sourceTree = "<group>";
		};
		E1CCE9C51DC6FC820000E7D7 /* PageviewControllerExample */ = {
			isa = PBXGroup;
			children = (
				E1CCE9C61DC6FC820000E7D7 /* AppDelegate.swift */,
				E1CCE9C81DC6FC830000E7D7 /* ViewController.swift */,
				E1CCE9CA1DC6FC830000E7D7 /* Main.storyboard */,
				E1CCE9CD1DC6FC830000E7D7 /* Assets.xcassets */,
				E1CCE9CF1DC6FC830000E7D7 /* LaunchScreen.storyboard */,
				E1CCE9D21DC6FC830000E7D7 /* Info.plist */,
			);
			path = PageviewControllerExample;
			sourceTree = "<group>";
		};
/* End PBXGroup section */

/* Begin PBXNativeTarget section */
		E1CCE9C21DC6FC820000E7D7 /* PageviewControllerExample */ = {
			isa = PBXNativeTarget;
			buildConfigurationList = E1CCE9D51DC6FC830000E7D7 /* Build configuration list for PBXNativeTarget "PageviewControllerExample" */;
			buildPhases = (
				E1CCE9BF1DC6FC820000E7D7 /* Sources */,
				E1CCE9C01DC6FC820000E7D7 /* Frameworks */,
				E1CCE9C11DC6FC820000E7D7 /* Resources */,
			);
			buildRules = (
			);
			dependencies = (
			);
			name = PageviewControllerExample;
			productName = PageviewControllerExample;
			productReference = E1CCE9C31DC6FC820000E7D7 /* PageviewControllerExample.app */;
			productType = "com.apple.product-type.application";
		};
/* End PBXNativeTarget section */

/* Begin PBXProject section */
		E1CCE9BB1DC6FC820000E7D7 /* Project object */ = {
			isa = PBXProject;
			attributes = {
				LastSwiftUpdateCheck = 0730;
				LastUpgradeCheck = 0730;
				ORGANIZATIONNAME = "Kaushal Elsewhere";
				TargetAttributes = {
					E1CCE9C21DC6FC820000E7D7 = {
						CreatedOnToolsVersion = 7.3.1;
					};
				};
			};
			buildConfigurationList = E1CCE9BE1DC6FC820000E7D7 /* Build configuration list for PBXProject "PageviewControllerExample" */;
			compatibilityVersion = "Xcode 3.2";
			developmentRegion = English;
			hasScannedForEncodings = 0;
			knownRegions = (
				en,
				Base,
			);
			mainGroup = E1CCE9BA1DC6FC820000E7D7;
			productRefGroup = E1CCE9C41DC6FC820000E7D7 /* Products */;
			projectDirPath = "";
			projectRoot = "";
			targets = (
				E1CCE9C21DC6FC820000E7D7 /* PageviewControllerExample */,
			);
		};
/* End PBXProject section */

/* Begin PBXResourcesBuildPhase section */
		E1CCE9C11DC6FC820000E7D7 /* Resources */ = {
			isa = PBXResourcesBuildPhase;
			buildActionMask = 2147483647;
			files = (
				E1CCE9D11DC6FC830000E7D7 /* LaunchScreen.storyboard in Resources */,
				E1CCE9CE1DC6FC830000E7D7 /* Assets.xcassets in Resources */,
				E1CCE9CC1DC6FC830000E7D7 /* Main.storyboard in Resources */,
			);
			runOnlyForDeploymentPostprocessing = 0;
		};
/* End PBXResourcesBuildPhase section */

/* Begin PBXSourcesBuildPhase section */
		E1CCE9BF1DC6FC820000E7D7 /* Sources */ = {
			isa = PBXSourcesBuildPhase;
			buildActionMask = 2147483647;
			files = (
				E1CCE9C91DC6FC830000E7D7 /* ViewController.swift in Sources */,
				E1CCE9C71DC6FC820000E7D7 /* AppDelegate.swift in Sources */,
			);
			runOnlyForDeploymentPostprocessing = 0;
		};
/* End PBXSourcesBuildPhase section */

/* Begin PBXVariantGroup section */
		E1CCE9CA1DC6FC830000E7D7 /* Main.storyboard */ = {
			isa = PBXVariantGroup;
			children = (
				E1CCE9CB1DC6FC830000E7D7 /* Base */,
			);
			name = Main.storyboard;
			sourceTree = "<group>";
		};
		E1CCE9CF1DC6FC830000E7D7 /* LaunchScreen.storyboard */ = {
			isa = PBXVariantGroup;
			children = (
				E1CCE9D01DC6FC830000E7D7 /* Base */,
			);
			name = LaunchScreen.storyboard;
			sourceTree = "<group>";
		};
/* End PBXVariantGroup section */

/* Begin XCBuildConfiguration section */
		E1CCE9D31DC6FC830000E7D7 /* Debug */ = {
			isa = XCBuildConfiguration;
			buildSettings = {
				ALWAYS_SEARCH_USER_PATHS = NO;
				CLANG_ANALYZER_NONNULL = YES;
				CLANG_CXX_LANGUAGE_STANDARD = "gnu++0x";
				CLANG_CXX_LIBRARY = "libc++";
				CLANG_ENABLE_MODULES = YES;
				CLANG_ENABLE_OBJC_ARC = YES;
				CLANG_WARN_BOOL_CONVERSION = YES;
				CLANG_WARN_CONSTANT_CONVERSION = YES;
				CLANG_WARN_DIRECT_OBJC_ISA_USAGE = YES_ERROR;
				CLANG_WARN_EMPTY_BODY = YES;
				CLANG_WARN_ENUM_CONVERSION = YES;
				CLANG_WARN_INT_CONVERSION = YES;
				CLANG_WARN_OBJC_ROOT_CLASS = YES_ERROR;
				CLANG_WARN_UNREACHABLE_CODE = YES;
				CLANG_WARN__DUPLICATE_METHOD_MATCH = YES;
				"CODE_SIGN_IDENTITY[sdk=iphoneos*]" = "iPhone Developer";
				COPY_PHASE_STRIP = NO;
				DEBUG_INFORMATION_FORMAT = dwarf;
				ENABLE_STRICT_OBJC_MSGSEND = YES;
				ENABLE_TESTABILITY = YES;
				GCC_C_LANGUAGE_STANDARD = gnu99;
				GCC_DYNAMIC_NO_PIC = NO;
				GCC_NO_COMMON_BLOCKS = YES;
				GCC_OPTIMIZATION_LEVEL = 0;
				GCC_PREPROCESSOR_DEFINITIONS = (
					"DEBUG=1",
					"$(inherited)",
				);
				GCC_WARN_64_TO_32_BIT_CONVERSION = YES;
				GCC_WARN_ABOUT_RETURN_TYPE = YES_ERROR;
				GCC_WARN_UNDECLARED_SELECTOR = YES;
				GCC_WARN_UNINITIALIZED_AUTOS = YES_AGGRESSIVE;
				GCC_WARN_UNUSED_FUNCTION = YES;
				GCC_WARN_UNUSED_VARIABLE = YES;
				IPHONEOS_DEPLOYMENT_TARGET = 9.3;
				MTL_ENABLE_DEBUG_INFO = YES;
				ONLY_ACTIVE_ARCH = YES;
				SDKROOT = iphoneos;
				SWIFT_OPTIMIZATION_LEVEL = "-Onone";
				TARGETED_DEVICE_FAMILY = "1,2";
			};
			name = Debug;
		};
		E1CCE9D41DC6FC830000E7D7 /* Release */ = {
			isa = XCBuildConfiguration;
			buildSettings = {
				ALWAYS_SEARCH_USER_PATHS = NO;
				CLANG_ANALYZER_NONNULL = YES;
				CLANG_CXX_LANGUAGE_STANDARD = "gnu++0x";
				CLANG_CXX_LIBRARY = "libc++";
				CLANG_ENABLE_MODULES = YES;
				CLANG_ENABLE_OBJC_ARC = YES;
				CLANG_WARN_BOOL_CONVERSION = YES;
				CLANG_WARN_CONSTANT_CONVERSION = YES;
				CLANG_WARN_DIRECT_OBJC_ISA_USAGE = YES_ERROR;
				CLANG_WARN_EMPTY_BODY = YES;
				CLANG_WARN_ENUM_CONVERSION = YES;
				CLANG_WARN_INT_CONVERSION = YES;
				CLANG_WARN_OBJC_ROOT_CLASS = YES_ERROR;
				CLANG_WARN_UNREACHABLE_CODE = YES;
				CLANG_WARN__DUPLICATE_METHOD_MATCH = YES;
				"CODE_SIGN_IDENTITY[sdk=iphoneos*]" = "iPhone Developer";
				COPY_PHASE_STRIP = NO;
				DEBUG_INFORMATION_FORMAT = "dwarf-with-dsym";
				ENABLE_NS_ASSERTIONS = NO;
				ENABLE_STRICT_OBJC_MSGSEND = YES;
				GCC_C_LANGUAGE_STANDARD = gnu99;
				GCC_NO_COMMON_BLOCKS = YES;
				GCC_WARN_64_TO_32_BIT_CONVERSION = YES;
				GCC_WARN_ABOUT_RETURN_TYPE = YES_ERROR;
				GCC_WARN_UNDECLARED_SELECTOR = YES;
				GCC_WARN_UNINITIALIZED_AUTOS = YES_AGGRESSIVE;
				GCC_WARN_UNUSED_FUNCTION = YES;
				GCC_WARN_UNUSED_VARIABLE = YES;
				IPHONEOS_DEPLOYMENT_TARGET = 9.3;
				MTL_ENABLE_DEBUG_INFO = NO;
				SDKROOT = iphoneos;
				TARGETED_DEVICE_FAMILY = "1,2";
				VALIDATE_PRODUCT = YES;
			};
			name = Release;
		};
		E1CCE9D61DC6FC830000E7D7 /* Debug */ = {
			isa = XCBuildConfiguration;
			buildSettings = {
				ASSETCATALOG_COMPILER_APPICON_NAME = AppIcon;
				INFOPLIST_FILE = PageviewControllerExample/Info.plist;
				IPHONEOS_DEPLOYMENT_TARGET = 9.0;
				LD_RUNPATH_SEARCH_PATHS = "$(inherited) @executable_path/Frameworks";
				PRODUCT_BUNDLE_IDENTIFIER = com.elsewhere.PageviewControllerExample;
				PRODUCT_NAME = "$(TARGET_NAME)";
			};
			name = Debug;
		};
		E1CCE9D71DC6FC830000E7D7 /* Release */ = {
			isa = XCBuildConfiguration;
			buildSettings = {
				ASSETCATALOG_COMPILER_APPICON_NAME = AppIcon;
				INFOPLIST_FILE = PageviewControllerExample/Info.plist;
				IPHONEOS_DEPLOYMENT_TARGET = 9.0;
				LD_RUNPATH_SEARCH_PATHS = "$(inherited) @executable_path/Frameworks";
				PRODUCT_BUNDLE_IDENTIFIER = com.elsewhere.PageviewControllerExample;
				PRODUCT_NAME = "$(TARGET_NAME)";
			};
			name = Release;
		};
/* End XCBuildConfiguration section */

/* Begin XCConfigurationList section */
		E1CCE9BE1DC6FC820000E7D7 /* Build configuration list for PBXProject "PageviewControllerExample" */ = {
			isa = XCConfigurationList;
			buildConfigurations = (
				E1CCE9D31DC6FC830000E7D7 /* Debug */,
				E1CCE9D41DC6FC830000E7D7 /* Release */,
			);
			defaultConfigurationIsVisible = 0;
			defaultConfigurationName = Release;
		};
		E1CCE9D51DC6FC830000E7D7 /* Build configuration list for PBXNativeTarget "PageviewControllerExample" */ = {
			isa = XCConfigurationList;
			buildConfigurations = (
				E1CCE9D61DC6FC830000E7D7 /* Debug */,
				E1CCE9D71DC6FC830000E7D7 /* Release */,
			);
			defaultConfigurationIsVisible = 0;
		};
/* End XCConfigurationList section */
	};
	rootObject = E1CCE9BB1DC6FC820000E7D7 /* Project object */;
}
