PODS:
  - SDWebImage (3.8.1):
    - SDWebImage/Core (= 3.8.1)
  - SDWebImage/Core (3.8.1)
  - SnapKit (0.18.0)

DEPENDENCIES:
  - SDWebImage (~> 3.7)
  - SnapKit (= 0.18.0)

SPEC CHECKSUMS:
  SDWebImage: 35f9627a3e44b4f292a8a8ce6a531fa488239b91
  SnapKit: e1f090a6d47b1dd4bd89b73f72b6746a7835ef3c

PODFILE CHECKSUM: 0b432a2ea7d2158b591431f6c88ebdac41f26f00

COCOAPODS: 1.0.1
